{
  "version": 4,
  "terraform_version": "0.12.12",
  "serial": 12,
  "lineage": "1b74cfec-9ea9-5e98-3fa9-755ee0eeac9b",
  "outputs": {},
  "resources": [
    {
      "mode": "managed",
      "type": "aws_eip",
      "name": "ip",
      "provider": "provider.aws",
      "instances": [
        {
          "schema_version": 0,
          "attributes": {
            "allocation_id": null,
            "associate_with_private_ip": null,
            "association_id": "eipassoc-0690f3a8d7fdf96b0",
            "domain": "vpc",
            "id": "eipalloc-06ef6e79818d250d0",
            "instance": "i-0fa95073ac86eb2bd",
            "network_interface": "eni-0103534c2dc0f9ff4",
            "private_dns": "ip-172-31-49-224.ec2.internal",
            "private_ip": "172.31.49.224",
            "public_dns": "ec2-35-174-245-76.compute-1.amazonaws.com",
            "public_ip": "35.174.245.76",
            "public_ipv4_pool": "amazon",
            "tags": {},
            "timeouts": null,
            "vpc": true
          },
          "private": "eyJlMmJmYjczMC1lY2FhLTExZTYtOGY4OC0zNDM2M2JjN2M0YzAiOnsiZGVsZXRlIjoxODAwMDAwMDAwMDAsInJlYWQiOjkwMDAwMDAwMDAwMCwidXBkYXRlIjozMDAwMDAwMDAwMDB9fQ==",
          "depends_on": [
            "aws_instance.example"
          ]
        }
      ]
    }
  ]
}
